
PODS:
- Bugsnag (2.2.3):
  - Reachability (~> 3.1)
- Reachability (3.1.0)
- cocos2d (2.0.0):
  - cocos2d/CocosDenshion (= 2.0.0)
- cocos2d/CocosDenshion (2.0.0)

DEPENDENCIES:
- Bugsnag
- cocos2d (~> 2.0.0)

SPEC CHECKSUMS:
  Bugsnag: 37bfc2e6c7d1720a5aee367fbc0a657f8c8cc691
  Reachability: 1c8584c5f26fa776695efef95caaa50402c94cfb
  cocos2d: ae22dc39f78c53d8b7c59a3f6c547d5a025d4ef7
  cocos2d/CocosDenshion: ae22dc39f78c53d8b7c59a3f6c547d5a025d4ef7

COCOAPODS: 0.16.1
