PODS:
  - Bugsnag (5.2.0):
    - KSCrash/RecordingAdvanced (~> 1.5.8)
  - cocos2d (3.1.0-alpha):
    - cocos2d/ObjectiveChipmunk (= 3.1.0-alpha)
    - ObjectAL-for-iPhone
  - cocos2d/ObjectiveChipmunk (3.1.0-alpha):
    - ObjectAL-for-iPhone
  - KSCrash/no-arc (1.5.8)
  - KSCrash/Recording (1.5.8):
    - KSCrash/no-arc
  - KSCrash/RecordingAdvanced (1.5.8):
    - KSCrash/Recording
  - ObjectAL-for-iPhone (2.5.2)

DEPENDENCIES:
  - Bugsnag (from `https://github.com/bugsnag/bugsnag-cocoa.git`)
  - cocos2d (~> 3.1.0-alpha)

EXTERNAL SOURCES:
  Bugsnag:
    :git: https://github.com/bugsnag/bugsnag-cocoa.git

CHECKOUT OPTIONS:
  Bugsnag:
    :commit: 002306646753a1080687bd11fcaa434b7b1ca3e9
    :git: https://github.com/bugsnag/bugsnag-cocoa.git

SPEC CHECKSUMS:
  Bugsnag: 9b02e58455d073df74d9e8538c8e2250422f44d0
  cocos2d: 86934a724952e63df00a9ba41bc6424b9f8a3494
  KSCrash: c42d10db8b2f12b3585973c318b971a1ea4e7acb
  ObjectAL-for-iPhone: fa4c7a8b09dba6de7ef97778f0c1f72c3d297c0a

PODFILE CHECKSUM: 2e77c8ae0b43c7f2faa2f199751390427f93c953

COCOAPODS: 1.0.1
