// !$*UTF8*$!
{
	archiveVersion = 1;
	classes = {
	};
	objectVersion = 46;
	objects = {

/* Begin PBXBuildFile section */
		78A8C26772AA411591A2269A /* libPods.a in Frameworks */ = {isa = PBXBuildFile; fileRef = B38E15D7535B4ABC8FAF569F /* libPods.a */; };
		B0036F4B16C1660600D9EB7E /* Number1.png in Resources */ = {isa = PBXBuildFile; fileRef = B0036F4A16C1660600D9EB7E /* Number1.png */; };
		B0036F4D16C1660B00D9EB7E /* Number3.png in Resources */ = {isa = PBXBuildFile; fileRef = B0036F4C16C1660B00D9EB7E /* Number3.png */; };
		B0036F4F16C1660F00D9EB7E /* Number9.png in Resources */ = {isa = PBXBuildFile; fileRef = B0036F4E16C1660F00D9EB7E /* Number9.png */; };
		B0036F5216C2B42900D9EB7E /* RoutedLayer.png in Resources */ = {isa = PBXBuildFile; fileRef = B0036F5116C2B42900D9EB7E /* RoutedLayer.png */; };
		B0036F5416C2B43400D9EB7E /* RoutedLayer-hd.png in Resources */ = {isa = PBXBuildFile; fileRef = B0036F5316C2B43400D9EB7E /* RoutedLayer-hd.png */; };
		B0036F5616C419B700D9EB7E /* ChargeValue.png in Resources */ = {isa = PBXBuildFile; fileRef = B0036F5516C419B700D9EB7E /* ChargeValue.png */; };
		B0036F5816C419C700D9EB7E /* ChargedBlueCircle.png in Resources */ = {isa = PBXBuildFile; fileRef = B0036F5716C419C700D9EB7E /* ChargedBlueCircle.png */; };
		B0036F5A16C419D300D9EB7E /* ChargedBlueCircle-hd.png in Resources */ = {isa = PBXBuildFile; fileRef = B0036F5916C419D300D9EB7E /* ChargedBlueCircle-hd.png */; };
		B0036FCA16C805EB00D9EB7E /* topmenu-hd.png in Resources */ = {isa = PBXBuildFile; fileRef = B0036FC916C805EB00D9EB7E /* topmenu-hd.png */; };
		B0036FCC16C808FE00D9EB7E /* pause-hd.png in Resources */ = {isa = PBXBuildFile; fileRef = B0036FCB16C808FE00D9EB7E /* pause-hd.png */; };
		B0036FCE16C8129B00D9EB7E /* energybar-hd.png in Resources */ = {isa = PBXBuildFile; fileRef = B0036FCD16C8129B00D9EB7E /* energybar-hd.png */; };
		B0036FD016C8129F00D9EB7E /* energy-hd.png in Resources */ = {isa = PBXBuildFile; fileRef = B0036FCF16C8129F00D9EB7E /* energy-hd.png */; };
		B0036FD216C814C600D9EB7E /* energymask-hd.png in Resources */ = {isa = PBXBuildFile; fileRef = B0036FD116C814C600D9EB7E /* energymask-hd.png */; };
		B0036FD416C817BE00D9EB7E /* footer-hd.png in Resources */ = {isa = PBXBuildFile; fileRef = B0036FD316C817BE00D9EB7E /* footer-hd.png */; };
		B0036FD616C8216700D9EB7E /* active-hd.png in Resources */ = {isa = PBXBuildFile; fileRef = B0036FD516C8216700D9EB7E /* active-hd.png */; };
		B0036FD816C8217700D9EB7E /* inactive-hd.png in Resources */ = {isa = PBXBuildFile; fileRef = B0036FD716C8217700D9EB7E /* inactive-hd.png */; };
		B0036FDA16C821DE00D9EB7E /* 1star-hd.png in Resources */ = {isa = PBXBuildFile; fileRef = B0036FD916C821DE00D9EB7E /* 1star-hd.png */; };
		B0036FDC16C821E200D9EB7E /* 2star-hd.png in Resources */ = {isa = PBXBuildFile; fileRef = B0036FDB16C821E200D9EB7E /* 2star-hd.png */; };
		B0036FDE16C821E600D9EB7E /* 3star-hd.png in Resources */ = {isa = PBXBuildFile; fileRef = B0036FDD16C821E600D9EB7E /* 3star-hd.png */; };
		B0036FE016C8222200D9EB7E /* buff-hd.png in Resources */ = {isa = PBXBuildFile; fileRef = B0036FDF16C8222200D9EB7E /* buff-hd.png */; };
		B0036FE216C824B900D9EB7E /* buffcircle-hd.png in Resources */ = {isa = PBXBuildFile; fileRef = B0036FE116C824B900D9EB7E /* buffcircle-hd.png */; };
		B0036FE416C825C700D9EB7E /* glow-hd.png in Resources */ = {isa = PBXBuildFile; fileRef = B0036FE316C825C700D9EB7E /* glow-hd.png */; };
		B0036FE616C831C000D9EB7E /* objective-hd.png in Resources */ = {isa = PBXBuildFile; fileRef = B0036FE516C831C000D9EB7E /* objective-hd.png */; };
		B0036FE816C8327300D9EB7E /* player-hd.png in Resources */ = {isa = PBXBuildFile; fileRef = B0036FE716C8327300D9EB7E /* player-hd.png */; };
		B0036FEA16C8327700D9EB7E /* playerbuffed-hd.png in Resources */ = {isa = PBXBuildFile; fileRef = B0036FE916C8327700D9EB7E /* playerbuffed-hd.png */; };
		B01B28CE16AB2B5200CD538A /* QuartzCore.framework in Frameworks */ = {isa = PBXBuildFile; fileRef = B01B28CD16AB2B5200CD538A /* QuartzCore.framework */; };
		B01B28D016AB2B5200CD538A /* OpenGLES.framework in Frameworks */ = {isa = PBXBuildFile; fileRef = B01B28CF16AB2B5200CD538A /* OpenGLES.framework */; };
		B01B28D216AB2B5200CD538A /* OpenAL.framework in Frameworks */ = {isa = PBXBuildFile; fileRef = B01B28D116AB2B5200CD538A /* OpenAL.framework */; };
		B01B28D416AB2B5200CD538A /* AudioToolbox.framework in Frameworks */ = {isa = PBXBuildFile; fileRef = B01B28D316AB2B5200CD538A /* AudioToolbox.framework */; };
		B01B28D616AB2B5200CD538A /* AVFoundation.framework in Frameworks */ = {isa = PBXBuildFile; fileRef = B01B28D516AB2B5200CD538A /* AVFoundation.framework */; };
		B01B28D816AB2B5200CD538A /* UIKit.framework in Frameworks */ = {isa = PBXBuildFile; fileRef = B01B28D716AB2B5200CD538A /* UIKit.framework */; };
		B01B28DA16AB2B5200CD538A /* Foundation.framework in Frameworks */ = {isa = PBXBuildFile; fileRef = B01B28D916AB2B5200CD538A /* Foundation.framework */; };
		B01B28DC16AB2B5200CD538A /* CoreGraphics.framework in Frameworks */ = {isa = PBXBuildFile; fileRef = B01B28DB16AB2B5200CD538A /* CoreGraphics.framework */; };
		B01B28DE16AB2B5200CD538A /* GameKit.framework in Frameworks */ = {isa = PBXBuildFile; fileRef = B01B28DD16AB2B5200CD538A /* GameKit.framework */; };
		B01B28E216AB2B5200CD538A /* Default.png in Resources */ = {isa = PBXBuildFile; fileRef = B01B28E116AB2B5200CD538A /* Default.png */; };
		B01B28E416AB2B5200CD538A /* Default-Landscape~ipad.png in Resources */ = {isa = PBXBuildFile; fileRef = B01B28E316AB2B5200CD538A /* Default-Landscape~ipad.png */; };
		B01B28E616AB2B5200CD538A /* fps_images.png in Resources */ = {isa = PBXBuildFile; fileRef = B01B28E516AB2B5200CD538A /* fps_images.png */; };
		B01B28E816AB2B5200CD538A /* fps_images-hd.png in Resources */ = {isa = PBXBuildFile; fileRef = B01B28E716AB2B5200CD538A /* fps_images-hd.png */; };
		B01B28EA16AB2B5200CD538A /* fps_images-ipadhd.png in Resources */ = {isa = PBXBuildFile; fileRef = B01B28E916AB2B5200CD538A /* fps_images-ipadhd.png */; };
		B01B28EC16AB2B5200CD538A /* Icon-72.png in Resources */ = {isa = PBXBuildFile; fileRef = B01B28EB16AB2B5200CD538A /* Icon-72.png */; };
		B01B28EE16AB2B5200CD538A /* Icon-Small-50.png in Resources */ = {isa = PBXBuildFile; fileRef = B01B28ED16AB2B5200CD538A /* Icon-Small-50.png */; };
		B01B28F016AB2B5200CD538A /* Icon-Small.png in Resources */ = {isa = PBXBuildFile; fileRef = B01B28EF16AB2B5200CD538A /* Icon-Small.png */; };
		B01B28F216AB2B5200CD538A /* Icon-Small@2x.png in Resources */ = {isa = PBXBuildFile; fileRef = B01B28F116AB2B5200CD538A /* Icon-Small@2x.png */; };
		B01B28F416AB2B5200CD538A /* Icon.png in Resources */ = {isa = PBXBuildFile; fileRef = B01B28F316AB2B5200CD538A /* Icon.png */; };
		B01B28F616AB2B5200CD538A /* Icon@2x.png in Resources */ = {isa = PBXBuildFile; fileRef = B01B28F516AB2B5200CD538A /* Icon@2x.png */; };
		B01B28F916AB2B5200CD538A /* iTunesArtwork in Resources */ = {isa = PBXBuildFile; fileRef = B01B28F816AB2B5200CD538A /* iTunesArtwork */; };
		B01B2A5616AB2B5500CD538A /* main.m in Sources */ = {isa = PBXBuildFile; fileRef = B01B2A5516AB2B5500CD538A /* main.m */; };
		B01B2A5916AB2B5500CD538A /* AppDelegate.m in Sources */ = {isa = PBXBuildFile; fileRef = B01B2A5816AB2B5500CD538A /* AppDelegate.m */; };
		B01B2A5C16AB2B5500CD538A /* GameLayer.m in Sources */ = {isa = PBXBuildFile; fileRef = B01B2A5B16AB2B5500CD538A /* GameLayer.m */; };
		B01B2A5F16AB2B5500CD538A /* IntroLayer.m in Sources */ = {isa = PBXBuildFile; fileRef = B01B2A5E16AB2B5500CD538A /* IntroLayer.m */; };
		B01B2A6E16AB2F8C00CD538A /* Light.m in Sources */ = {isa = PBXBuildFile; fileRef = B01B2A6D16AB2F8C00CD538A /* Light.m */; };
		B01B2A7F16AB5C3000CD538A /* Route.m in Sources */ = {isa = PBXBuildFile; fileRef = B01B2A7E16AB5C3000CD538A /* Route.m */; };
		B01B2A8216AB640800CD538A /* Player.m in Sources */ = {isa = PBXBuildFile; fileRef = B01B2A8116AB640800CD538A /* Player.m */; };
		B09D0BF516AC6EEC00524AE7 /* Connector.m in Sources */ = {isa = PBXBuildFile; fileRef = B09D0BF416AC6EEC00524AE7 /* Connector.m */; };
		B0A0EEBF16B0B30B00E47369 /* CountdownBar.m in Sources */ = {isa = PBXBuildFile; fileRef = B0A0EEBE16B0B30B00E47369 /* CountdownBar.m */; };
		B0A0EEE216B1B00700E47369 /* CountdownBorder.png in Resources */ = {isa = PBXBuildFile; fileRef = B0A0EEE116B1B00700E47369 /* CountdownBorder.png */; };
		B0A0EEE416B1B01300E47369 /* CountdownBorder-hd.png in Resources */ = {isa = PBXBuildFile; fileRef = B0A0EEE316B1B01300E47369 /* CountdownBorder-hd.png */; };
		B0A0EEE616B1B05F00E47369 /* BlackCircle.png in Resources */ = {isa = PBXBuildFile; fileRef = B0A0EEE516B1B05F00E47369 /* BlackCircle.png */; };
		B0A0EEE816B1B06500E47369 /* CountdownCentre.png in Resources */ = {isa = PBXBuildFile; fileRef = B0A0EEE716B1B06500E47369 /* CountdownCentre.png */; };
		B0A0EEEA16B1B06900E47369 /* EmptyCircle.png in Resources */ = {isa = PBXBuildFile; fileRef = B0A0EEE916B1B06900E47369 /* EmptyCircle.png */; };
		B0A0EEEC16B1B07200E47369 /* GreyBackground.png in Resources */ = {isa = PBXBuildFile; fileRef = B0A0EEEB16B1B07200E47369 /* GreyBackground.png */; };
		B0A0EEEE16B1B07600E47369 /* HConnector.png in Resources */ = {isa = PBXBuildFile; fileRef = B0A0EEED16B1B07600E47369 /* HConnector.png */; };
		B0A0EEF216B1B07F00E47369 /* VConnector.png in Resources */ = {isa = PBXBuildFile; fileRef = B0A0EEF116B1B07F00E47369 /* VConnector.png */; };
		B0A0EEF416B1B08300E47369 /* WhiteCircle.png in Resources */ = {isa = PBXBuildFile; fileRef = B0A0EEF316B1B08300E47369 /* WhiteCircle.png */; };
		B0A0EEF616B1B08D00E47369 /* BlackCircle-hd.png in Resources */ = {isa = PBXBuildFile; fileRef = B0A0EEF516B1B08D00E47369 /* BlackCircle-hd.png */; };
		B0A0EEF816B1B09400E47369 /* CountdownCentre-hd.png in Resources */ = {isa = PBXBuildFile; fileRef = B0A0EEF716B1B09400E47369 /* CountdownCentre-hd.png */; };
		B0A0EEFA16B1B09A00E47369 /* EmptyCircle-hd.png in Resources */ = {isa = PBXBuildFile; fileRef = B0A0EEF916B1B09A00E47369 /* EmptyCircle-hd.png */; };
		B0A0EEFC16B1B09F00E47369 /* GreyBackground-hd.png in Resources */ = {isa = PBXBuildFile; fileRef = B0A0EEFB16B1B09F00E47369 /* GreyBackground-hd.png */; };
		B0A0EEFE16B1B0A300E47369 /* HConnector-hd.png in Resources */ = {isa = PBXBuildFile; fileRef = B0A0EEFD16B1B0A300E47369 /* HConnector-hd.png */; };
		B0A0EF0216B1B0AB00E47369 /* VConnector-hd.png in Resources */ = {isa = PBXBuildFile; fileRef = B0A0EF0116B1B0AB00E47369 /* VConnector-hd.png */; };
		B0A0EF0416B1B0B100E47369 /* WhiteCircle-hd.png in Resources */ = {isa = PBXBuildFile; fileRef = B0A0EF0316B1B0B100E47369 /* WhiteCircle-hd.png */; };
		B0A0EF0616B1B35C00E47369 /* BlueCircle-hd.png in Resources */ = {isa = PBXBuildFile; fileRef = B0A0EF0516B1B35C00E47369 /* BlueCircle-hd.png */; };
		B0A0EF0816B1B36400E47369 /* BlueCircle.png in Resources */ = {isa = PBXBuildFile; fileRef = B0A0EF0716B1B36400E47369 /* BlueCircle.png */; };
		B0A0EF0A16B1BA0400E47369 /* Lives1.png in Resources */ = {isa = PBXBuildFile; fileRef = B0A0EF0916B1BA0400E47369 /* Lives1.png */; };
		B0A0EF0C16B1BA0700E47369 /* Lives2.png in Resources */ = {isa = PBXBuildFile; fileRef = B0A0EF0B16B1BA0700E47369 /* Lives2.png */; };
		B0A0EF0E16B1BA0C00E47369 /* Lives3.png in Resources */ = {isa = PBXBuildFile; fileRef = B0A0EF0D16B1BA0C00E47369 /* Lives3.png */; };
		B0A0EF1016B1BA1600E47369 /* Lives1-hd.png in Resources */ = {isa = PBXBuildFile; fileRef = B0A0EF0F16B1BA1600E47369 /* Lives1-hd.png */; };
		B0A0EF1216B1BA1A00E47369 /* Lives2-hd.png in Resources */ = {isa = PBXBuildFile; fileRef = B0A0EF1116B1BA1A00E47369 /* Lives2-hd.png */; };
		B0A0EF1416B1BA1D00E47369 /* Lives3-hd.png in Resources */ = {isa = PBXBuildFile; fileRef = B0A0EF1316B1BA1D00E47369 /* Lives3-hd.png */; };
		B0A0EF1C16B1D9BF00E47369 /* Number9White.png in Resources */ = {isa = PBXBuildFile; fileRef = B0A0EF1B16B1D9BF00E47369 /* Number9White.png */; };
		B0A0EF1F16B2F45500E47369 /* Level.m in Sources */ = {isa = PBXBuildFile; fileRef = B0A0EF1E16B2F45500E47369 /* Level.m */; };
		B0A0EF2E16B4495900E47369 /* InGameMenuLayer.m in Sources */ = {isa = PBXBuildFile; fileRef = B0A0EF2D16B4495900E47369 /* InGameMenuLayer.m */; };
		B0A0EF3016B44B0600E47369 /* ResumeButton.png in Resources */ = {isa = PBXBuildFile; fileRef = B0A0EF2F16B44B0600E47369 /* ResumeButton.png */; };
		B0A0EF3216B44B0A00E47369 /* ResumeButtonSelected.png in Resources */ = {isa = PBXBuildFile; fileRef = B0A0EF3116B44B0A00E47369 /* ResumeButtonSelected.png */; };
		B0A0EF3416B44B1000E47369 /* RestartButton.png in Resources */ = {isa = PBXBuildFile; fileRef = B0A0EF3316B44B1000E47369 /* RestartButton.png */; };
		B0A0EF3616B44B1500E47369 /* RestartButtonSelected.png in Resources */ = {isa = PBXBuildFile; fileRef = B0A0EF3516B44B1500E47369 /* RestartButtonSelected.png */; };
		B0A0EF3816B44B1A00E47369 /* MenuButton.png in Resources */ = {isa = PBXBuildFile; fileRef = B0A0EF3716B44B1A00E47369 /* MenuButton.png */; };
		B0A0EF3A16B44B1F00E47369 /* MenuButtonSelected.png in Resources */ = {isa = PBXBuildFile; fileRef = B0A0EF3916B44B1F00E47369 /* MenuButtonSelected.png */; };
		B0A0EF4016B44B6000E47369 /* ResumeButton-hd.png in Resources */ = {isa = PBXBuildFile; fileRef = B0A0EF3F16B44B6000E47369 /* ResumeButton-hd.png */; };
		B0A0EF4216B44B6400E47369 /* ResumeButtonSelected-hd.png in Resources */ = {isa = PBXBuildFile; fileRef = B0A0EF4116B44B6400E47369 /* ResumeButtonSelected-hd.png */; };
		B0A0EF4416B44B6900E47369 /* RestartButton-hd.png in Resources */ = {isa = PBXBuildFile; fileRef = B0A0EF4316B44B6900E47369 /* RestartButton-hd.png */; };
		B0A0EF4616B44B6E00E47369 /* RestartButtonSelected-hd.png in Resources */ = {isa = PBXBuildFile; fileRef = B0A0EF4516B44B6E00E47369 /* RestartButtonSelected-hd.png */; };
		B0A0EF4816B44B7400E47369 /* MenuButton-hd.png in Resources */ = {isa = PBXBuildFile; fileRef = B0A0EF4716B44B7400E47369 /* MenuButton-hd.png */; };
		B0A0EF4A16B44B7800E47369 /* MenuButtonSelected-hd.png in Resources */ = {isa = PBXBuildFile; fileRef = B0A0EF4916B44B7800E47369 /* MenuButtonSelected-hd.png */; };
		B0A0EF5416B457C700E47369 /* PauseButton.png in Resources */ = {isa = PBXBuildFile; fileRef = B0A0EF5316B457C700E47369 /* PauseButton.png */; };
		B0A0EF5616B457D100E47369 /* PauseButton-hd.png in Resources */ = {isa = PBXBuildFile; fileRef = B0A0EF5516B457D100E47369 /* PauseButton-hd.png */; };
		B0A0EF5816B4618200E47369 /* InGameMenuBackground.png in Resources */ = {isa = PBXBuildFile; fileRef = B0A0EF5716B4618200E47369 /* InGameMenuBackground.png */; };
		B0A0EF5A16B4618B00E47369 /* InGameMenuBackground-hd.png in Resources */ = {isa = PBXBuildFile; fileRef = B0A0EF5916B4618B00E47369 /* InGameMenuBackground-hd.png */; };
		B0A0EF5D16B466C200E47369 /* LightManager.m in Sources */ = {isa = PBXBuildFile; fileRef = B0A0EF5C16B466C200E47369 /* LightManager.m */; };
		B0A0EF5F16B471E200E47369 /* GameOver.png in Resources */ = {isa = PBXBuildFile; fileRef = B0A0EF5E16B471E200E47369 /* GameOver.png */; };
		B0A0EF6116B471EC00E47369 /* GameOver-hd.png in Resources */ = {isa = PBXBuildFile; fileRef = B0A0EF6016B471EC00E47369 /* GameOver-hd.png */; };
		B0A0EF6416B4868E00E47369 /* MenuCircleGenerator.m in Sources */ = {isa = PBXBuildFile; fileRef = B0A0EF6316B4868D00E47369 /* MenuCircleGenerator.m */; };
		B0A0EF6716B488F000E47369 /* MenuLayer.m in Sources */ = {isa = PBXBuildFile; fileRef = B0A0EF6616B488F000E47369 /* MenuLayer.m */; };
		B0A0EF6D16B497C800E47369 /* MenuBackground.png in Resources */ = {isa = PBXBuildFile; fileRef = B0A0EF6C16B497C800E47369 /* MenuBackground.png */; };
		B0A0EF6F16B497D100E47369 /* MenuBackground-hd.png in Resources */ = {isa = PBXBuildFile; fileRef = B0A0EF6E16B497D100E47369 /* MenuBackground-hd.png */; };
		B0A0EF7116B4995D00E47369 /* MenuCircle.png in Resources */ = {isa = PBXBuildFile; fileRef = B0A0EF7016B4995D00E47369 /* MenuCircle.png */; };
		B0A0EF7316B4996800E47369 /* MenuCircle-hd.png in Resources */ = {isa = PBXBuildFile; fileRef = B0A0EF7216B4996800E47369 /* MenuCircle-hd.png */; };
		B0A0EF7916B4A04600E47369 /* NewGameButton.png in Resources */ = {isa = PBXBuildFile; fileRef = B0A0EF7816B4A04600E47369 /* NewGameButton.png */; };
		B0A0EF7B16B4A05100E47369 /* NewGameButton-hd.png in Resources */ = {isa = PBXBuildFile; fileRef = B0A0EF7A16B4A05100E47369 /* NewGameButton-hd.png */; };
		B0A0EF7D16B4A11400E47369 /* NewGameButtonSelected.png in Resources */ = {isa = PBXBuildFile; fileRef = B0A0EF7C16B4A11400E47369 /* NewGameButtonSelected.png */; };
		B0A0EF7F16B4A11A00E47369 /* NewGameButtonSelected-hd.png in Resources */ = {isa = PBXBuildFile; fileRef = B0A0EF7E16B4A11A00E47369 /* NewGameButtonSelected-hd.png */; };
		B0A0EF9D16B6D17900E47369 /* AlternateWhiteCircle-hd.png in Resources */ = {isa = PBXBuildFile; fileRef = B0A0EF9C16B6D17900E47369 /* AlternateWhiteCircle-hd.png */; };
		B0A0EFA316B711DC00E47369 /* PowerUpManager.m in Sources */ = {isa = PBXBuildFile; fileRef = B0A0EFA216B711DB00E47369 /* PowerUpManager.m */; };
/* End PBXBuildFile section */

/* Begin PBXFileReference section */
		B0036F4A16C1660600D9EB7E /* Number1.png */ = {isa = PBXFileReference; lastKnownFileType = image.png; path = Number1.png; sourceTree = "<group>"; };
		B0036F4C16C1660B00D9EB7E /* Number3.png */ = {isa = PBXFileReference; lastKnownFileType = image.png; path = Number3.png; sourceTree = "<group>"; };
		B0036F4E16C1660F00D9EB7E /* Number9.png */ = {isa = PBXFileReference; lastKnownFileType = image.png; path = Number9.png; sourceTree = "<group>"; };
		B0036F5016C16F1D00D9EB7E /* Common.h */ = {isa = PBXFileReference; lastKnownFileType = sourcecode.c.h; path = Common.h; sourceTree = "<group>"; };
		B0036F5116C2B42900D9EB7E /* RoutedLayer.png */ = {isa = PBXFileReference; lastKnownFileType = image.png; path = RoutedLayer.png; sourceTree = "<group>"; };
		B0036F5316C2B43400D9EB7E /* RoutedLayer-hd.png */ = {isa = PBXFileReference; lastKnownFileType = image.png; path = "RoutedLayer-hd.png"; sourceTree = "<group>"; };
		B0036F5516C419B700D9EB7E /* ChargeValue.png */ = {isa = PBXFileReference; lastKnownFileType = image.png; path = ChargeValue.png; sourceTree = "<group>"; };
		B0036F5716C419C700D9EB7E /* ChargedBlueCircle.png */ = {isa = PBXFileReference; lastKnownFileType = image.png; path = ChargedBlueCircle.png; sourceTree = "<group>"; };
		B0036F5916C419D300D9EB7E /* ChargedBlueCircle-hd.png */ = {isa = PBXFileReference; lastKnownFileType = image.png; path = "ChargedBlueCircle-hd.png"; sourceTree = "<group>"; };
		B0036FC916C805EB00D9EB7E /* topmenu-hd.png */ = {isa = PBXFileReference; lastKnownFileType = image.png; path = "topmenu-hd.png"; sourceTree = "<group>"; };
		B0036FCB16C808FE00D9EB7E /* pause-hd.png */ = {isa = PBXFileReference; lastKnownFileType = image.png; path = "pause-hd.png"; sourceTree = "<group>"; };
		B0036FCD16C8129B00D9EB7E /* energybar-hd.png */ = {isa = PBXFileReference; lastKnownFileType = image.png; path = "energybar-hd.png"; sourceTree = "<group>"; };
		B0036FCF16C8129F00D9EB7E /* energy-hd.png */ = {isa = PBXFileReference; lastKnownFileType = image.png; path = "energy-hd.png"; sourceTree = "<group>"; };
		B0036FD116C814C600D9EB7E /* energymask-hd.png */ = {isa = PBXFileReference; lastKnownFileType = image.png; path = "energymask-hd.png"; sourceTree = "<group>"; };
		B0036FD316C817BE00D9EB7E /* footer-hd.png */ = {isa = PBXFileReference; lastKnownFileType = image.png; path = "footer-hd.png"; sourceTree = "<group>"; };
		B0036FD516C8216700D9EB7E /* active-hd.png */ = {isa = PBXFileReference; lastKnownFileType = image.png; path = "active-hd.png"; sourceTree = "<group>"; };
		B0036FD716C8217700D9EB7E /* inactive-hd.png */ = {isa = PBXFileReference; lastKnownFileType = image.png; path = "inactive-hd.png"; sourceTree = "<group>"; };
		B0036FD916C821DE00D9EB7E /* 1star-hd.png */ = {isa = PBXFileReference; lastKnownFileType = image.png; path = "1star-hd.png"; sourceTree = "<group>"; };
		B0036FDB16C821E200D9EB7E /* 2star-hd.png */ = {isa = PBXFileReference; lastKnownFileType = image.png; path = "2star-hd.png"; sourceTree = "<group>"; };
		B0036FDD16C821E600D9EB7E /* 3star-hd.png */ = {isa = PBXFileReference; lastKnownFileType = image.png; path = "3star-hd.png"; sourceTree = "<group>"; };
		B0036FDF16C8222200D9EB7E /* buff-hd.png */ = {isa = PBXFileReference; lastKnownFileType = image.png; path = "buff-hd.png"; sourceTree = "<group>"; };
		B0036FE116C824B900D9EB7E /* buffcircle-hd.png */ = {isa = PBXFileReference; lastKnownFileType = image.png; path = "buffcircle-hd.png"; sourceTree = "<group>"; };
		B0036FE316C825C700D9EB7E /* glow-hd.png */ = {isa = PBXFileReference; lastKnownFileType = image.png; path = "glow-hd.png"; sourceTree = "<group>"; };
		B0036FE516C831C000D9EB7E /* objective-hd.png */ = {isa = PBXFileReference; lastKnownFileType = image.png; path = "objective-hd.png"; sourceTree = "<group>"; };
		B0036FE716C8327300D9EB7E /* player-hd.png */ = {isa = PBXFileReference; lastKnownFileType = image.png; path = "player-hd.png"; sourceTree = "<group>"; };
		B0036FE916C8327700D9EB7E /* playerbuffed-hd.png */ = {isa = PBXFileReference; lastKnownFileType = image.png; path = "playerbuffed-hd.png"; sourceTree = "<group>"; };
		B01B28C916AB2B5200CD538A /* CircleGame.app */ = {isa = PBXFileReference; explicitFileType = wrapper.application; includeInIndex = 0; path = CircleGame.app; sourceTree = BUILT_PRODUCTS_DIR; };
		B01B28CD16AB2B5200CD538A /* QuartzCore.framework */ = {isa = PBXFileReference; lastKnownFileType = wrapper.framework; name = QuartzCore.framework; path = System/Library/Frameworks/QuartzCore.framework; sourceTree = SDKROOT; };
		B01B28CF16AB2B5200CD538A /* OpenGLES.framework */ = {isa = PBXFileReference; lastKnownFileType = wrapper.framework; name = OpenGLES.framework; path = System/Library/Frameworks/OpenGLES.framework; sourceTree = SDKROOT; };
		B01B28D116AB2B5200CD538A /* OpenAL.framework */ = {isa = PBXFileReference; lastKnownFileType = wrapper.framework; name = OpenAL.framework; path = System/Library/Frameworks/OpenAL.framework; sourceTree = SDKROOT; };
		B01B28D316AB2B5200CD538A /* AudioToolbox.framework */ = {isa = PBXFileReference; lastKnownFileType = wrapper.framework; name = AudioToolbox.framework; path = System/Library/Frameworks/AudioToolbox.framework; sourceTree = SDKROOT; };
		B01B28D516AB2B5200CD538A /* AVFoundation.framework */ = {isa = PBXFileReference; lastKnownFileType = wrapper.framework; name = AVFoundation.framework; path = System/Library/Frameworks/AVFoundation.framework; sourceTree = SDKROOT; };
		B01B28D716AB2B5200CD538A /* UIKit.framework */ = {isa = PBXFileReference; lastKnownFileType = wrapper.framework; name = UIKit.framework; path = System/Library/Frameworks/UIKit.framework; sourceTree = SDKROOT; };
		B01B28D916AB2B5200CD538A /* Foundation.framework */ = {isa = PBXFileReference; lastKnownFileType = wrapper.framework; name = Foundation.framework; path = System/Library/Frameworks/Foundation.framework; sourceTree = SDKROOT; };
		B01B28DB16AB2B5200CD538A /* CoreGraphics.framework */ = {isa = PBXFileReference; lastKnownFileType = wrapper.framework; name = CoreGraphics.framework; path = System/Library/Frameworks/CoreGraphics.framework; sourceTree = SDKROOT; };
		B01B28DD16AB2B5200CD538A /* GameKit.framework */ = {isa = PBXFileReference; lastKnownFileType = wrapper.framework; name = GameKit.framework; path = System/Library/Frameworks/GameKit.framework; sourceTree = SDKROOT; };
		B01B28E116AB2B5200CD538A /* Default.png */ = {isa = PBXFileReference; lastKnownFileType = image.png; name = Default.png; path = Resources/Default.png; sourceTree = "<group>"; };
		B01B28E316AB2B5200CD538A /* Default-Landscape~ipad.png */ = {isa = PBXFileReference; lastKnownFileType = image.png; name = "Default-Landscape~ipad.png"; path = "Resources/Default-Landscape~ipad.png"; sourceTree = "<group>"; };
		B01B28E516AB2B5200CD538A /* fps_images.png */ = {isa = PBXFileReference; lastKnownFileType = image.png; name = fps_images.png; path = Resources/fps_images.png; sourceTree = "<group>"; };
		B01B28E716AB2B5200CD538A /* fps_images-hd.png */ = {isa = PBXFileReference; lastKnownFileType = image.png; name = "fps_images-hd.png"; path = "Resources/fps_images-hd.png"; sourceTree = "<group>"; };
		B01B28E916AB2B5200CD538A /* fps_images-ipadhd.png */ = {isa = PBXFileReference; lastKnownFileType = image.png; name = "fps_images-ipadhd.png"; path = "Resources/fps_images-ipadhd.png"; sourceTree = "<group>"; };
		B01B28EB16AB2B5200CD538A /* Icon-72.png */ = {isa = PBXFileReference; lastKnownFileType = image.png; name = "Icon-72.png"; path = "Resources/Icon-72.png"; sourceTree = "<group>"; };
		B01B28ED16AB2B5200CD538A /* Icon-Small-50.png */ = {isa = PBXFileReference; lastKnownFileType = image.png; name = "Icon-Small-50.png"; path = "Resources/Icon-Small-50.png"; sourceTree = "<group>"; };
		B01B28EF16AB2B5200CD538A /* Icon-Small.png */ = {isa = PBXFileReference; lastKnownFileType = image.png; name = "Icon-Small.png"; path = "Resources/Icon-Small.png"; sourceTree = "<group>"; };
		B01B28F116AB2B5200CD538A /* Icon-Small@2x.png */ = {isa = PBXFileReference; lastKnownFileType = image.png; name = "Icon-Small@2x.png"; path = "Resources/Icon-Small@2x.png"; sourceTree = "<group>"; };
		B01B28F316AB2B5200CD538A /* Icon.png */ = {isa = PBXFileReference; lastKnownFileType = image.png; name = Icon.png; path = Resources/Icon.png; sourceTree = "<group>"; };
		B01B28F516AB2B5200CD538A /* Icon@2x.png */ = {isa = PBXFileReference; lastKnownFileType = image.png; name = "Icon@2x.png"; path = "Resources/Icon@2x.png"; sourceTree = "<group>"; };
		B01B28F716AB2B5200CD538A /* Info.plist */ = {isa = PBXFileReference; lastKnownFileType = text.plist.xml; name = Info.plist; path = Resources/Info.plist; sourceTree = "<group>"; };
		B01B28F816AB2B5200CD538A /* iTunesArtwork */ = {isa = PBXFileReference; lastKnownFileType = file; name = iTunesArtwork; path = Resources/iTunesArtwork; sourceTree = "<group>"; };
		B01B2A5416AB2B5500CD538A /* Prefix.pch */ = {isa = PBXFileReference; lastKnownFileType = sourcecode.c.h; path = Prefix.pch; sourceTree = "<group>"; };
		B01B2A5516AB2B5500CD538A /* main.m */ = {isa = PBXFileReference; lastKnownFileType = sourcecode.c.objc; path = main.m; sourceTree = "<group>"; };
		B01B2A5716AB2B5500CD538A /* AppDelegate.h */ = {isa = PBXFileReference; lastKnownFileType = sourcecode.c.h; path = AppDelegate.h; sourceTree = "<group>"; };
		B01B2A5816AB2B5500CD538A /* AppDelegate.m */ = {isa = PBXFileReference; lastKnownFileType = sourcecode.c.objc; path = AppDelegate.m; sourceTree = "<group>"; };
		B01B2A5A16AB2B5500CD538A /* GameLayer.h */ = {isa = PBXFileReference; lastKnownFileType = sourcecode.c.h; path = GameLayer.h; sourceTree = "<group>"; };
		B01B2A5B16AB2B5500CD538A /* GameLayer.m */ = {isa = PBXFileReference; lastKnownFileType = sourcecode.c.objc; path = GameLayer.m; sourceTree = "<group>"; };
		B01B2A5D16AB2B5500CD538A /* IntroLayer.h */ = {isa = PBXFileReference; lastKnownFileType = sourcecode.c.h; path = IntroLayer.h; sourceTree = "<group>"; };
		B01B2A5E16AB2B5500CD538A /* IntroLayer.m */ = {isa = PBXFileReference; lastKnownFileType = sourcecode.c.objc; path = IntroLayer.m; sourceTree = "<group>"; };
		B01B2A6516AB2E2900CD538A /* GameConfig.h */ = {isa = PBXFileReference; lastKnownFileType = sourcecode.c.h; path = GameConfig.h; sourceTree = "<group>"; };
		B01B2A6C16AB2F8C00CD538A /* Light.h */ = {isa = PBXFileReference; fileEncoding = 4; lastKnownFileType = sourcecode.c.h; path = Light.h; sourceTree = "<group>"; };
		B01B2A6D16AB2F8C00CD538A /* Light.m */ = {isa = PBXFileReference; fileEncoding = 4; lastKnownFileType = sourcecode.c.objc; path = Light.m; sourceTree = "<group>"; };
		B01B2A7D16AB5C3000CD538A /* Route.h */ = {isa = PBXFileReference; fileEncoding = 4; lastKnownFileType = sourcecode.c.h; path = Route.h; sourceTree = "<group>"; };
		B01B2A7E16AB5C3000CD538A /* Route.m */ = {isa = PBXFileReference; fileEncoding = 4; lastKnownFileType = sourcecode.c.objc; path = Route.m; sourceTree = "<group>"; };
		B01B2A8016AB640800CD538A /* Player.h */ = {isa = PBXFileReference; fileEncoding = 4; lastKnownFileType = sourcecode.c.h; path = Player.h; sourceTree = "<group>"; };
		B01B2A8116AB640800CD538A /* Player.m */ = {isa = PBXFileReference; fileEncoding = 4; lastKnownFileType = sourcecode.c.objc; path = Player.m; sourceTree = "<group>"; };
		B09D0BF316AC6EEC00524AE7 /* Connector.h */ = {isa = PBXFileReference; fileEncoding = 4; lastKnownFileType = sourcecode.c.h; path = Connector.h; sourceTree = "<group>"; };
		B09D0BF416AC6EEC00524AE7 /* Connector.m */ = {isa = PBXFileReference; fileEncoding = 4; lastKnownFileType = sourcecode.c.objc; path = Connector.m; sourceTree = "<group>"; };
		B0A0EEBD16B0B30B00E47369 /* CountdownBar.h */ = {isa = PBXFileReference; fileEncoding = 4; lastKnownFileType = sourcecode.c.h; path = CountdownBar.h; sourceTree = "<group>"; };
		B0A0EEBE16B0B30B00E47369 /* CountdownBar.m */ = {isa = PBXFileReference; fileEncoding = 4; lastKnownFileType = sourcecode.c.objc; path = CountdownBar.m; sourceTree = "<group>"; };
		B0A0EEE116B1B00700E47369 /* CountdownBorder.png */ = {isa = PBXFileReference; lastKnownFileType = image.png; path = CountdownBorder.png; sourceTree = "<group>"; };
		B0A0EEE316B1B01300E47369 /* CountdownBorder-hd.png */ = {isa = PBXFileReference; lastKnownFileType = image.png; path = "CountdownBorder-hd.png"; sourceTree = "<group>"; };
		B0A0EEE516B1B05F00E47369 /* BlackCircle.png */ = {isa = PBXFileReference; lastKnownFileType = image.png; path = BlackCircle.png; sourceTree = "<group>"; };
		B0A0EEE716B1B06500E47369 /* CountdownCentre.png */ = {isa = PBXFileReference; lastKnownFileType = image.png; path = CountdownCentre.png; sourceTree = "<group>"; };
		B0A0EEE916B1B06900E47369 /* EmptyCircle.png */ = {isa = PBXFileReference; lastKnownFileType = image.png; path = EmptyCircle.png; sourceTree = "<group>"; };
		B0A0EEEB16B1B07200E47369 /* GreyBackground.png */ = {isa = PBXFileReference; lastKnownFileType = image.png; path = GreyBackground.png; sourceTree = "<group>"; };
		B0A0EEED16B1B07600E47369 /* HConnector.png */ = {isa = PBXFileReference; lastKnownFileType = image.png; path = HConnector.png; sourceTree = "<group>"; };
		B0A0EEF116B1B07F00E47369 /* VConnector.png */ = {isa = PBXFileReference; lastKnownFileType = image.png; path = VConnector.png; sourceTree = "<group>"; };
		B0A0EEF316B1B08300E47369 /* WhiteCircle.png */ = {isa = PBXFileReference; lastKnownFileType = image.png; path = WhiteCircle.png; sourceTree = "<group>"; };
		B0A0EEF516B1B08D00E47369 /* BlackCircle-hd.png */ = {isa = PBXFileReference; lastKnownFileType = image.png; path = "BlackCircle-hd.png"; sourceTree = "<group>"; };
		B0A0EEF716B1B09400E47369 /* CountdownCentre-hd.png */ = {isa = PBXFileReference; lastKnownFileType = image.png; path = "CountdownCentre-hd.png"; sourceTree = "<group>"; };
		B0A0EEF916B1B09A00E47369 /* EmptyCircle-hd.png */ = {isa = PBXFileReference; lastKnownFileType = image.png; path = "EmptyCircle-hd.png"; sourceTree = "<group>"; };
		B0A0EEFB16B1B09F00E47369 /* GreyBackground-hd.png */ = {isa = PBXFileReference; lastKnownFileType = image.png; path = "GreyBackground-hd.png"; sourceTree = "<group>"; };
		B0A0EEFD16B1B0A300E47369 /* HConnector-hd.png */ = {isa = PBXFileReference; lastKnownFileType = image.png; path = "HConnector-hd.png"; sourceTree = "<group>"; };
		B0A0EF0116B1B0AB00E47369 /* VConnector-hd.png */ = {isa = PBXFileReference; lastKnownFileType = image.png; path = "VConnector-hd.png"; sourceTree = "<group>"; };
		B0A0EF0316B1B0B100E47369 /* WhiteCircle-hd.png */ = {isa = PBXFileReference; lastKnownFileType = image.png; path = "WhiteCircle-hd.png"; sourceTree = "<group>"; };
		B0A0EF0516B1B35C00E47369 /* BlueCircle-hd.png */ = {isa = PBXFileReference; lastKnownFileType = image.png; path = "BlueCircle-hd.png"; sourceTree = "<group>"; };
		B0A0EF0716B1B36400E47369 /* BlueCircle.png */ = {isa = PBXFileReference; lastKnownFileType = image.png; path = BlueCircle.png; sourceTree = "<group>"; };
		B0A0EF0916B1BA0400E47369 /* Lives1.png */ = {isa = PBXFileReference; lastKnownFileType = image.png; path = Lives1.png; sourceTree = "<group>"; };
		B0A0EF0B16B1BA0700E47369 /* Lives2.png */ = {isa = PBXFileReference; lastKnownFileType = image.png; path = Lives2.png; sourceTree = "<group>"; };
		B0A0EF0D16B1BA0C00E47369 /* Lives3.png */ = {isa = PBXFileReference; lastKnownFileType = image.png; path = Lives3.png; sourceTree = "<group>"; };
		B0A0EF0F16B1BA1600E47369 /* Lives1-hd.png */ = {isa = PBXFileReference; lastKnownFileType = image.png; path = "Lives1-hd.png"; sourceTree = "<group>"; };
		B0A0EF1116B1BA1A00E47369 /* Lives2-hd.png */ = {isa = PBXFileReference; lastKnownFileType = image.png; path = "Lives2-hd.png"; sourceTree = "<group>"; };
		B0A0EF1316B1BA1D00E47369 /* Lives3-hd.png */ = {isa = PBXFileReference; lastKnownFileType = image.png; path = "Lives3-hd.png"; sourceTree = "<group>"; };
		B0A0EF1B16B1D9BF00E47369 /* Number9White.png */ = {isa = PBXFileReference; lastKnownFileType = image.png; path = Number9White.png; sourceTree = "<group>"; };
		B0A0EF1D16B2F45500E47369 /* Level.h */ = {isa = PBXFileReference; fileEncoding = 4; lastKnownFileType = sourcecode.c.h; path = Level.h; sourceTree = "<group>"; };
		B0A0EF1E16B2F45500E47369 /* Level.m */ = {isa = PBXFileReference; fileEncoding = 4; lastKnownFileType = sourcecode.c.objc; path = Level.m; sourceTree = "<group>"; };
		B0A0EF2C16B4495900E47369 /* InGameMenuLayer.h */ = {isa = PBXFileReference; fileEncoding = 4; lastKnownFileType = sourcecode.c.h; path = InGameMenuLayer.h; sourceTree = "<group>"; };
		B0A0EF2D16B4495900E47369 /* InGameMenuLayer.m */ = {isa = PBXFileReference; fileEncoding = 4; lastKnownFileType = sourcecode.c.objc; path = InGameMenuLayer.m; sourceTree = "<group>"; };
		B0A0EF2F16B44B0600E47369 /* ResumeButton.png */ = {isa = PBXFileReference; lastKnownFileType = image.png; path = ResumeButton.png; sourceTree = "<group>"; };
		B0A0EF3116B44B0A00E47369 /* ResumeButtonSelected.png */ = {isa = PBXFileReference; lastKnownFileType = image.png; path = ResumeButtonSelected.png; sourceTree = "<group>"; };
		B0A0EF3316B44B1000E47369 /* RestartButton.png */ = {isa = PBXFileReference; lastKnownFileType = image.png; path = RestartButton.png; sourceTree = "<group>"; };
		B0A0EF3516B44B1500E47369 /* RestartButtonSelected.png */ = {isa = PBXFileReference; lastKnownFileType = image.png; path = RestartButtonSelected.png; sourceTree = "<group>"; };
		B0A0EF3716B44B1A00E47369 /* MenuButton.png */ = {isa = PBXFileReference; lastKnownFileType = image.png; path = MenuButton.png; sourceTree = "<group>"; };
		B0A0EF3916B44B1F00E47369 /* MenuButtonSelected.png */ = {isa = PBXFileReference; lastKnownFileType = image.png; path = MenuButtonSelected.png; sourceTree = "<group>"; };
		B0A0EF3F16B44B6000E47369 /* ResumeButton-hd.png */ = {isa = PBXFileReference; lastKnownFileType = image.png; path = "ResumeButton-hd.png"; sourceTree = "<group>"; };
		B0A0EF4116B44B6400E47369 /* ResumeButtonSelected-hd.png */ = {isa = PBXFileReference; lastKnownFileType = image.png; path = "ResumeButtonSelected-hd.png"; sourceTree = "<group>"; };
		B0A0EF4316B44B6900E47369 /* RestartButton-hd.png */ = {isa = PBXFileReference; lastKnownFileType = image.png; path = "RestartButton-hd.png"; sourceTree = "<group>"; };
		B0A0EF4516B44B6E00E47369 /* RestartButtonSelected-hd.png */ = {isa = PBXFileReference; lastKnownFileType = image.png; path = "RestartButtonSelected-hd.png"; sourceTree = "<group>"; };
		B0A0EF4716B44B7400E47369 /* MenuButton-hd.png */ = {isa = PBXFileReference; lastKnownFileType = image.png; path = "MenuButton-hd.png"; sourceTree = "<group>"; };
		B0A0EF4916B44B7800E47369 /* MenuButtonSelected-hd.png */ = {isa = PBXFileReference; lastKnownFileType = image.png; path = "MenuButtonSelected-hd.png"; sourceTree = "<group>"; };
		B0A0EF5316B457C700E47369 /* PauseButton.png */ = {isa = PBXFileReference; lastKnownFileType = image.png; path = PauseButton.png; sourceTree = "<group>"; };
		B0A0EF5516B457D100E47369 /* PauseButton-hd.png */ = {isa = PBXFileReference; lastKnownFileType = image.png; path = "PauseButton-hd.png"; sourceTree = "<group>"; };
		B0A0EF5716B4618200E47369 /* InGameMenuBackground.png */ = {isa = PBXFileReference; lastKnownFileType = image.png; path = InGameMenuBackground.png; sourceTree = "<group>"; };
		B0A0EF5916B4618B00E47369 /* InGameMenuBackground-hd.png */ = {isa = PBXFileReference; lastKnownFileType = image.png; path = "InGameMenuBackground-hd.png"; sourceTree = "<group>"; };
		B0A0EF5B16B466C200E47369 /* LightManager.h */ = {isa = PBXFileReference; fileEncoding = 4; lastKnownFileType = sourcecode.c.h; path = LightManager.h; sourceTree = "<group>"; };
		B0A0EF5C16B466C200E47369 /* LightManager.m */ = {isa = PBXFileReference; fileEncoding = 4; lastKnownFileType = sourcecode.c.objc; path = LightManager.m; sourceTree = "<group>"; };
		B0A0EF5E16B471E200E47369 /* GameOver.png */ = {isa = PBXFileReference; lastKnownFileType = image.png; path = GameOver.png; sourceTree = "<group>"; };
		B0A0EF6016B471EC00E47369 /* GameOver-hd.png */ = {isa = PBXFileReference; lastKnownFileType = image.png; path = "GameOver-hd.png"; sourceTree = "<group>"; };
		B0A0EF6216B4868D00E47369 /* MenuCircleGenerator.h */ = {isa = PBXFileReference; fileEncoding = 4; lastKnownFileType = sourcecode.c.h; path = MenuCircleGenerator.h; sourceTree = "<group>"; };
		B0A0EF6316B4868D00E47369 /* MenuCircleGenerator.m */ = {isa = PBXFileReference; fileEncoding = 4; lastKnownFileType = sourcecode.c.objc; path = MenuCircleGenerator.m; sourceTree = "<group>"; };
		B0A0EF6516B488F000E47369 /* MenuLayer.h */ = {isa = PBXFileReference; fileEncoding = 4; lastKnownFileType = sourcecode.c.h; path = MenuLayer.h; sourceTree = "<group>"; };
		B0A0EF6616B488F000E47369 /* MenuLayer.m */ = {isa = PBXFileReference; fileEncoding = 4; lastKnownFileType = sourcecode.c.objc; path = MenuLayer.m; sourceTree = "<group>"; };
		B0A0EF6C16B497C800E47369 /* MenuBackground.png */ = {isa = PBXFileReference; lastKnownFileType = image.png; path = MenuBackground.png; sourceTree = "<group>"; };
		B0A0EF6E16B497D100E47369 /* MenuBackground-hd.png */ = {isa = PBXFileReference; lastKnownFileType = image.png; path = "MenuBackground-hd.png"; sourceTree = "<group>"; };
		B0A0EF7016B4995D00E47369 /* MenuCircle.png */ = {isa = PBXFileReference; lastKnownFileType = image.png; path = MenuCircle.png; sourceTree = "<group>"; };
		B0A0EF7216B4996800E47369 /* MenuCircle-hd.png */ = {isa = PBXFileReference; lastKnownFileType = image.png; path = "MenuCircle-hd.png"; sourceTree = "<group>"; };
		B0A0EF7816B4A04600E47369 /* NewGameButton.png */ = {isa = PBXFileReference; lastKnownFileType = image.png; path = NewGameButton.png; sourceTree = "<group>"; };
		B0A0EF7A16B4A05100E47369 /* NewGameButton-hd.png */ = {isa = PBXFileReference; lastKnownFileType = image.png; path = "NewGameButton-hd.png"; sourceTree = "<group>"; };
		B0A0EF7C16B4A11400E47369 /* NewGameButtonSelected.png */ = {isa = PBXFileReference; lastKnownFileType = image.png; path = NewGameButtonSelected.png; sourceTree = "<group>"; };
		B0A0EF7E16B4A11A00E47369 /* NewGameButtonSelected-hd.png */ = {isa = PBXFileReference; lastKnownFileType = image.png; path = "NewGameButtonSelected-hd.png"; sourceTree = "<group>"; };
		B0A0EF9C16B6D17900E47369 /* AlternateWhiteCircle-hd.png */ = {isa = PBXFileReference; lastKnownFileType = image.png; path = "AlternateWhiteCircle-hd.png"; sourceTree = "<group>"; };
		B0A0EFA116B711DB00E47369 /* PowerUpManager.h */ = {isa = PBXFileReference; fileEncoding = 4; lastKnownFileType = sourcecode.c.h; path = PowerUpManager.h; sourceTree = "<group>"; };
		B0A0EFA216B711DB00E47369 /* PowerUpManager.m */ = {isa = PBXFileReference; fileEncoding = 4; lastKnownFileType = sourcecode.c.objc; path = PowerUpManager.m; sourceTree = "<group>"; };
		B38E15D7535B4ABC8FAF569F /* libPods.a */ = {isa = PBXFileReference; explicitFileType = archive.ar; includeInIndex = 0; path = libPods.a; sourceTree = BUILT_PRODUCTS_DIR; };
		E02357077101404D92B4E06C /* Pods.xcconfig */ = {isa = PBXFileReference; includeInIndex = 1; lastKnownFileType = text.xcconfig; name = Pods.xcconfig; path = Pods/Pods.xcconfig; sourceTree = SOURCE_ROOT; };
/* End PBXFileReference section */

/* Begin PBXFrameworksBuildPhase section */
		B01B28C616AB2B5200CD538A /* Frameworks */ = {
			isa = PBXFrameworksBuildPhase;
			buildActionMask = 2147483647;
			files = (
				B01B28CE16AB2B5200CD538A /* QuartzCore.framework in Frameworks */,
				B01B28D016AB2B5200CD538A /* OpenGLES.framework in Frameworks */,
				B01B28D216AB2B5200CD538A /* OpenAL.framework in Frameworks */,
				B01B28D416AB2B5200CD538A /* AudioToolbox.framework in Frameworks */,
				B01B28D616AB2B5200CD538A /* AVFoundation.framework in Frameworks */,
				B01B28D816AB2B5200CD538A /* UIKit.framework in Frameworks */,
				B01B28DA16AB2B5200CD538A /* Foundation.framework in Frameworks */,
				B01B28DC16AB2B5200CD538A /* CoreGraphics.framework in Frameworks */,
				B01B28DE16AB2B5200CD538A /* GameKit.framework in Frameworks */,
				78A8C26772AA411591A2269A /* libPods.a in Frameworks */,
			);
			runOnlyForDeploymentPostprocessing = 0;
		};
/* End PBXFrameworksBuildPhase section */

/* Begin PBXGroup section */
		B0036FC616C805A300D9EB7E /* NewSD */ = {
			isa = PBXGroup;
			children = (
			);
			name = NewSD;
			sourceTree = "<group>";
		};
		B0036FC816C805AD00D9EB7E /* NewHD */ = {
			isa = PBXGroup;
			children = (
				B0036FC916C805EB00D9EB7E /* topmenu-hd.png */,
				B0036FCB16C808FE00D9EB7E /* pause-hd.png */,
				B0036FCD16C8129B00D9EB7E /* energybar-hd.png */,
				B0036FCF16C8129F00D9EB7E /* energy-hd.png */,
				B0036FD116C814C600D9EB7E /* energymask-hd.png */,
				B0036FD316C817BE00D9EB7E /* footer-hd.png */,
				B0036FD516C8216700D9EB7E /* active-hd.png */,
				B0036FD716C8217700D9EB7E /* inactive-hd.png */,
				B0036FD916C821DE00D9EB7E /* 1star-hd.png */,
				B0036FDB16C821E200D9EB7E /* 2star-hd.png */,
				B0036FDD16C821E600D9EB7E /* 3star-hd.png */,
				B0036FDF16C8222200D9EB7E /* buff-hd.png */,
				B0036FE116C824B900D9EB7E /* buffcircle-hd.png */,
				B0036FE516C831C000D9EB7E /* objective-hd.png */,
				B0036FE316C825C700D9EB7E /* glow-hd.png */,
				B0036FE716C8327300D9EB7E /* player-hd.png */,
				B0036FE916C8327700D9EB7E /* playerbuffed-hd.png */,
			);
			name = NewHD;
			sourceTree = "<group>";
		};
		B01B28BE16AB2B5200CD538A = {
			isa = PBXGroup;
			children = (
				B01B28DF16AB2B5200CD538A /* CircleGame */,
				B01B28CC16AB2B5200CD538A /* Frameworks */,
				B01B28CA16AB2B5200CD538A /* Products */,
				E02357077101404D92B4E06C /* Pods.xcconfig */,
			);
			sourceTree = "<group>";
		};
		B01B28CA16AB2B5200CD538A /* Products */ = {
			isa = PBXGroup;
			children = (
				B01B28C916AB2B5200CD538A /* CircleGame.app */,
			);
			name = Products;
			sourceTree = "<group>";
		};
		B01B28CC16AB2B5200CD538A /* Frameworks */ = {
			isa = PBXGroup;
			children = (
				B01B28CD16AB2B5200CD538A /* QuartzCore.framework */,
				B01B28CF16AB2B5200CD538A /* OpenGLES.framework */,
				B01B28D116AB2B5200CD538A /* OpenAL.framework */,
				B01B28D316AB2B5200CD538A /* AudioToolbox.framework */,
				B01B28D516AB2B5200CD538A /* AVFoundation.framework */,
				B01B28D716AB2B5200CD538A /* UIKit.framework */,
				B01B28D916AB2B5200CD538A /* Foundation.framework */,
				B01B28DB16AB2B5200CD538A /* CoreGraphics.framework */,
				B01B28DD16AB2B5200CD538A /* GameKit.framework */,
				B38E15D7535B4ABC8FAF569F /* libPods.a */,
			);
			name = Frameworks;
			sourceTree = "<group>";
		};
		B01B28DF16AB2B5200CD538A /* CircleGame */ = {
			isa = PBXGroup;
			children = (
				B01B2A5716AB2B5500CD538A /* AppDelegate.h */,
				B01B2A5816AB2B5500CD538A /* AppDelegate.m */,
				B01B2A5D16AB2B5500CD538A /* IntroLayer.h */,
				B01B2A5E16AB2B5500CD538A /* IntroLayer.m */,
				B0A0EF6516B488F000E47369 /* MenuLayer.h */,
				B0A0EF6616B488F000E47369 /* MenuLayer.m */,
				B01B2A5A16AB2B5500CD538A /* GameLayer.h */,
				B01B2A5B16AB2B5500CD538A /* GameLayer.m */,
				B0A0EF2C16B4495900E47369 /* InGameMenuLayer.h */,
				B0A0EF2D16B4495900E47369 /* InGameMenuLayer.m */,
				B0A0EF6216B4868D00E47369 /* MenuCircleGenerator.h */,
				B0A0EF6316B4868D00E47369 /* MenuCircleGenerator.m */,
				B01B2A6C16AB2F8C00CD538A /* Light.h */,
				B01B2A6D16AB2F8C00CD538A /* Light.m */,
				B0A0EF5B16B466C200E47369 /* LightManager.h */,
				B0A0EF5C16B466C200E47369 /* LightManager.m */,
				B01B2A7D16AB5C3000CD538A /* Route.h */,
				B01B2A7E16AB5C3000CD538A /* Route.m */,
				B09D0BF316AC6EEC00524AE7 /* Connector.h */,
				B09D0BF416AC6EEC00524AE7 /* Connector.m */,
				B01B2A8016AB640800CD538A /* Player.h */,
				B01B2A8116AB640800CD538A /* Player.m */,
				B0A0EFA116B711DB00E47369 /* PowerUpManager.h */,
				B0A0EFA216B711DB00E47369 /* PowerUpManager.m */,
				B0A0EEBD16B0B30B00E47369 /* CountdownBar.h */,
				B0A0EEBE16B0B30B00E47369 /* CountdownBar.m */,
				B0A0EF1D16B2F45500E47369 /* Level.h */,
				B0A0EF1E16B2F45500E47369 /* Level.m */,
				B01B2A6516AB2E2900CD538A /* GameConfig.h */,
				B0036F5016C16F1D00D9EB7E /* Common.h */,
				B01B28E016AB2B5200CD538A /* Resources */,
				B01B2A5316AB2B5500CD538A /* Supporting Files */,
			);
			path = CircleGame;
			sourceTree = "<group>";
		};
		B01B28E016AB2B5200CD538A /* Resources */ = {
			isa = PBXGroup;
			children = (
				B0036FC616C805A300D9EB7E /* NewSD */,
				B0036FC816C805AD00D9EB7E /* NewHD */,
				B0A0EEDF16B1AFD400E47369 /* SD */,
				B0A0EEE016B1AFDE00E47369 /* HD */,
				B0A0EF1B16B1D9BF00E47369 /* Number9White.png */,
				B0036F4A16C1660600D9EB7E /* Number1.png */,
				B0036F4C16C1660B00D9EB7E /* Number3.png */,
				B0036F4E16C1660F00D9EB7E /* Number9.png */,
				B0036F5516C419B700D9EB7E /* ChargeValue.png */,
				B01B28E116AB2B5200CD538A /* Default.png */,
				B01B28E316AB2B5200CD538A /* Default-Landscape~ipad.png */,
				B01B28E516AB2B5200CD538A /* fps_images.png */,
				B01B28E716AB2B5200CD538A /* fps_images-hd.png */,
				B01B28E916AB2B5200CD538A /* fps_images-ipadhd.png */,
				B01B28EB16AB2B5200CD538A /* Icon-72.png */,
				B01B28ED16AB2B5200CD538A /* Icon-Small-50.png */,
				B01B28EF16AB2B5200CD538A /* Icon-Small.png */,
				B01B28F116AB2B5200CD538A /* Icon-Small@2x.png */,
				B01B28F316AB2B5200CD538A /* Icon.png */,
				B01B28F516AB2B5200CD538A /* Icon@2x.png */,
				B01B28F716AB2B5200CD538A /* Info.plist */,
				B01B28F816AB2B5200CD538A /* iTunesArtwork */,
			);
			name = Resources;
			sourceTree = "<group>";
		};
		B01B2A5316AB2B5500CD538A /* Supporting Files */ = {
			isa = PBXGroup;
			children = (
				B01B2A5416AB2B5500CD538A /* Prefix.pch */,
				B01B2A5516AB2B5500CD538A /* main.m */,
			);
			name = "Supporting Files";
			sourceTree = "<group>";
		};
		B0A0EEDF16B1AFD400E47369 /* SD */ = {
			isa = PBXGroup;
			children = (
				B0A0EEE516B1B05F00E47369 /* BlackCircle.png */,
				B0A0EF0716B1B36400E47369 /* BlueCircle.png */,
				B0036F5716C419C700D9EB7E /* ChargedBlueCircle.png */,
				B0A0EEE116B1B00700E47369 /* CountdownBorder.png */,
				B0A0EEE716B1B06500E47369 /* CountdownCentre.png */,
				B0A0EEE916B1B06900E47369 /* EmptyCircle.png */,
				B0A0EEEB16B1B07200E47369 /* GreyBackground.png */,
				B0A0EEED16B1B07600E47369 /* HConnector.png */,
				B0A0EEF116B1B07F00E47369 /* VConnector.png */,
				B0A0EEF316B1B08300E47369 /* WhiteCircle.png */,
				B0036F5116C2B42900D9EB7E /* RoutedLayer.png */,
				B0A0EF0916B1BA0400E47369 /* Lives1.png */,
				B0A0EF0B16B1BA0700E47369 /* Lives2.png */,
				B0A0EF0D16B1BA0C00E47369 /* Lives3.png */,
				B0A0EF5316B457C700E47369 /* PauseButton.png */,
				B0A0EF6C16B497C800E47369 /* MenuBackground.png */,
				B0A0EF5716B4618200E47369 /* InGameMenuBackground.png */,
				B0A0EF2F16B44B0600E47369 /* ResumeButton.png */,
				B0A0EF3116B44B0A00E47369 /* ResumeButtonSelected.png */,
				B0A0EF3316B44B1000E47369 /* RestartButton.png */,
				B0A0EF3516B44B1500E47369 /* RestartButtonSelected.png */,
				B0A0EF3716B44B1A00E47369 /* MenuButton.png */,
				B0A0EF3916B44B1F00E47369 /* MenuButtonSelected.png */,
				B0A0EF5E16B471E200E47369 /* GameOver.png */,
				B0A0EF7016B4995D00E47369 /* MenuCircle.png */,
				B0A0EF7816B4A04600E47369 /* NewGameButton.png */,
				B0A0EF7C16B4A11400E47369 /* NewGameButtonSelected.png */,
			);
			name = SD;
			sourceTree = "<group>";
		};
		B0A0EEE016B1AFDE00E47369 /* HD */ = {
			isa = PBXGroup;
			children = (
				B0A0EEF516B1B08D00E47369 /* BlackCircle-hd.png */,
				B0A0EF0516B1B35C00E47369 /* BlueCircle-hd.png */,
				B0036F5916C419D300D9EB7E /* ChargedBlueCircle-hd.png */,
				B0A0EEE316B1B01300E47369 /* CountdownBorder-hd.png */,
				B0A0EEF716B1B09400E47369 /* CountdownCentre-hd.png */,
				B0A0EEF916B1B09A00E47369 /* EmptyCircle-hd.png */,
				B0A0EEFB16B1B09F00E47369 /* GreyBackground-hd.png */,
				B0A0EEFD16B1B0A300E47369 /* HConnector-hd.png */,
				B0A0EF0116B1B0AB00E47369 /* VConnector-hd.png */,
				B0A0EF0316B1B0B100E47369 /* WhiteCircle-hd.png */,
				B0036F5316C2B43400D9EB7E /* RoutedLayer-hd.png */,
				B0A0EF0F16B1BA1600E47369 /* Lives1-hd.png */,
				B0A0EF1116B1BA1A00E47369 /* Lives2-hd.png */,
				B0A0EF1316B1BA1D00E47369 /* Lives3-hd.png */,
				B0A0EF5516B457D100E47369 /* PauseButton-hd.png */,
				B0A0EF6E16B497D100E47369 /* MenuBackground-hd.png */,
				B0A0EF5916B4618B00E47369 /* InGameMenuBackground-hd.png */,
				B0A0EF3F16B44B6000E47369 /* ResumeButton-hd.png */,
				B0A0EF4116B44B6400E47369 /* ResumeButtonSelected-hd.png */,
				B0A0EF4316B44B6900E47369 /* RestartButton-hd.png */,
				B0A0EF4516B44B6E00E47369 /* RestartButtonSelected-hd.png */,
				B0A0EF4716B44B7400E47369 /* MenuButton-hd.png */,
				B0A0EF4916B44B7800E47369 /* MenuButtonSelected-hd.png */,
				B0A0EF6016B471EC00E47369 /* GameOver-hd.png */,
				B0A0EF7216B4996800E47369 /* MenuCircle-hd.png */,
				B0A0EF7A16B4A05100E47369 /* NewGameButton-hd.png */,
				B0A0EF7E16B4A11A00E47369 /* NewGameButtonSelected-hd.png */,
				B0A0EF9C16B6D17900E47369 /* AlternateWhiteCircle-hd.png */,
			);
			name = HD;
			sourceTree = "<group>";
		};
/* End PBXGroup section */

/* Begin PBXNativeTarget section */
		B01B28C816AB2B5200CD538A /* CircleGame */ = {
			isa = PBXNativeTarget;
			buildConfigurationList = B01B2A6216AB2B5500CD538A /* Build configuration list for PBXNativeTarget "CircleGame" */;
			buildPhases = (
				B01B28C516AB2B5200CD538A /* Sources */,
				B01B28C616AB2B5200CD538A /* Frameworks */,
				B01B28C716AB2B5200CD538A /* Resources */,
				4491B9AE249241069C93C595 /* Copy Pods Resources */,
			);
			buildRules = (
			);
			dependencies = (
			);
			name = CircleGame;
			productName = CircleGame;
			productReference = B01B28C916AB2B5200CD538A /* CircleGame.app */;
			productType = "com.apple.product-type.application";
		};
/* End PBXNativeTarget section */

/* Begin PBXProject section */
		B01B28C016AB2B5200CD538A /* Project object */ = {
			isa = PBXProject;
			attributes = {
				LastUpgradeCheck = 0450;
			};
			buildConfigurationList = B01B28C316AB2B5200CD538A /* Build configuration list for PBXProject "CircleGame" */;
			compatibilityVersion = "Xcode 3.2";
			developmentRegion = English;
			hasScannedForEncodings = 0;
			knownRegions = (
				en,
			);
			mainGroup = B01B28BE16AB2B5200CD538A;
			productRefGroup = B01B28CA16AB2B5200CD538A /* Products */;
			projectDirPath = "";
			projectRoot = "";
			targets = (
				B01B28C816AB2B5200CD538A /* CircleGame */,
			);
		};
/* End PBXProject section */

/* Begin PBXResourcesBuildPhase section */
		B01B28C716AB2B5200CD538A /* Resources */ = {
			isa = PBXResourcesBuildPhase;
			buildActionMask = 2147483647;
			files = (
				B01B28E216AB2B5200CD538A /* Default.png in Resources */,
				B01B28E416AB2B5200CD538A /* Default-Landscape~ipad.png in Resources */,
				B01B28E616AB2B5200CD538A /* fps_images.png in Resources */,
				B01B28E816AB2B5200CD538A /* fps_images-hd.png in Resources */,
				B01B28EA16AB2B5200CD538A /* fps_images-ipadhd.png in Resources */,
				B01B28EC16AB2B5200CD538A /* Icon-72.png in Resources */,
				B01B28EE16AB2B5200CD538A /* Icon-Small-50.png in Resources */,
				B01B28F016AB2B5200CD538A /* Icon-Small.png in Resources */,
				B01B28F216AB2B5200CD538A /* Icon-Small@2x.png in Resources */,
				B01B28F416AB2B5200CD538A /* Icon.png in Resources */,
				B01B28F616AB2B5200CD538A /* Icon@2x.png in Resources */,
				B01B28F916AB2B5200CD538A /* iTunesArtwork in Resources */,
				B0A0EEE216B1B00700E47369 /* CountdownBorder.png in Resources */,
				B0A0EEE416B1B01300E47369 /* CountdownBorder-hd.png in Resources */,
				B0A0EEE616B1B05F00E47369 /* BlackCircle.png in Resources */,
				B0A0EEE816B1B06500E47369 /* CountdownCentre.png in Resources */,
				B0A0EEEA16B1B06900E47369 /* EmptyCircle.png in Resources */,
				B0A0EEEC16B1B07200E47369 /* GreyBackground.png in Resources */,
				B0A0EEEE16B1B07600E47369 /* HConnector.png in Resources */,
				B0A0EEF216B1B07F00E47369 /* VConnector.png in Resources */,
				B0A0EEF416B1B08300E47369 /* WhiteCircle.png in Resources */,
				B0A0EEF616B1B08D00E47369 /* BlackCircle-hd.png in Resources */,
				B0A0EEF816B1B09400E47369 /* CountdownCentre-hd.png in Resources */,
				B0A0EEFA16B1B09A00E47369 /* EmptyCircle-hd.png in Resources */,
				B0A0EEFC16B1B09F00E47369 /* GreyBackground-hd.png in Resources */,
				B0A0EEFE16B1B0A300E47369 /* HConnector-hd.png in Resources */,
				B0A0EF0216B1B0AB00E47369 /* VConnector-hd.png in Resources */,
				B0A0EF0416B1B0B100E47369 /* WhiteCircle-hd.png in Resources */,
				B0A0EF0616B1B35C00E47369 /* BlueCircle-hd.png in Resources */,
				B0A0EF0816B1B36400E47369 /* BlueCircle.png in Resources */,
				B0A0EF0A16B1BA0400E47369 /* Lives1.png in Resources */,
				B0A0EF0C16B1BA0700E47369 /* Lives2.png in Resources */,
				B0A0EF0E16B1BA0C00E47369 /* Lives3.png in Resources */,
				B0A0EF1016B1BA1600E47369 /* Lives1-hd.png in Resources */,
				B0A0EF1216B1BA1A00E47369 /* Lives2-hd.png in Resources */,
				B0A0EF1416B1BA1D00E47369 /* Lives3-hd.png in Resources */,
				B0A0EF1C16B1D9BF00E47369 /* Number9White.png in Resources */,
				B0A0EF3016B44B0600E47369 /* ResumeButton.png in Resources */,
				B0A0EF3216B44B0A00E47369 /* ResumeButtonSelected.png in Resources */,
				B0A0EF3416B44B1000E47369 /* RestartButton.png in Resources */,
				B0A0EF3616B44B1500E47369 /* RestartButtonSelected.png in Resources */,
				B0A0EF3816B44B1A00E47369 /* MenuButton.png in Resources */,
				B0A0EF3A16B44B1F00E47369 /* MenuButtonSelected.png in Resources */,
				B0A0EF4016B44B6000E47369 /* ResumeButton-hd.png in Resources */,
				B0A0EF4216B44B6400E47369 /* ResumeButtonSelected-hd.png in Resources */,
				B0A0EF4416B44B6900E47369 /* RestartButton-hd.png in Resources */,
				B0A0EF4616B44B6E00E47369 /* RestartButtonSelected-hd.png in Resources */,
				B0A0EF4816B44B7400E47369 /* MenuButton-hd.png in Resources */,
				B0A0EF4A16B44B7800E47369 /* MenuButtonSelected-hd.png in Resources */,
				B0A0EF5416B457C700E47369 /* PauseButton.png in Resources */,
				B0A0EF5616B457D100E47369 /* PauseButton-hd.png in Resources */,
				B0A0EF5816B4618200E47369 /* InGameMenuBackground.png in Resources */,
				B0A0EF5A16B4618B00E47369 /* InGameMenuBackground-hd.png in Resources */,
				B0A0EF5F16B471E200E47369 /* GameOver.png in Resources */,
				B0A0EF6116B471EC00E47369 /* GameOver-hd.png in Resources */,
				B0A0EF6D16B497C800E47369 /* MenuBackground.png in Resources */,
				B0A0EF6F16B497D100E47369 /* MenuBackground-hd.png in Resources */,
				B0A0EF7116B4995D00E47369 /* MenuCircle.png in Resources */,
				B0A0EF7316B4996800E47369 /* MenuCircle-hd.png in Resources */,
				B0A0EF7916B4A04600E47369 /* NewGameButton.png in Resources */,
				B0A0EF7B16B4A05100E47369 /* NewGameButton-hd.png in Resources */,
				B0A0EF7D16B4A11400E47369 /* NewGameButtonSelected.png in Resources */,
				B0A0EF7F16B4A11A00E47369 /* NewGameButtonSelected-hd.png in Resources */,
				B0A0EF9D16B6D17900E47369 /* AlternateWhiteCircle-hd.png in Resources */,
				B0036F4B16C1660600D9EB7E /* Number1.png in Resources */,
				B0036F4D16C1660B00D9EB7E /* Number3.png in Resources */,
				B0036F4F16C1660F00D9EB7E /* Number9.png in Resources */,
				B0036F5216C2B42900D9EB7E /* RoutedLayer.png in Resources */,
				B0036F5416C2B43400D9EB7E /* RoutedLayer-hd.png in Resources */,
				B0036F5616C419B700D9EB7E /* ChargeValue.png in Resources */,
				B0036F5816C419C700D9EB7E /* ChargedBlueCircle.png in Resources */,
				B0036F5A16C419D300D9EB7E /* ChargedBlueCircle-hd.png in Resources */,
				B0036FCA16C805EB00D9EB7E /* topmenu-hd.png in Resources */,
				B0036FCC16C808FE00D9EB7E /* pause-hd.png in Resources */,
				B0036FCE16C8129B00D9EB7E /* energybar-hd.png in Resources */,
				B0036FD016C8129F00D9EB7E /* energy-hd.png in Resources */,
				B0036FD216C814C600D9EB7E /* energymask-hd.png in Resources */,
				B0036FD416C817BE00D9EB7E /* footer-hd.png in Resources */,
				B0036FD616C8216700D9EB7E /* active-hd.png in Resources */,
				B0036FD816C8217700D9EB7E /* inactive-hd.png in Resources */,
				B0036FDA16C821DE00D9EB7E /* 1star-hd.png in Resources */,
				B0036FDC16C821E200D9EB7E /* 2star-hd.png in Resources */,
				B0036FDE16C821E600D9EB7E /* 3star-hd.png in Resources */,
				B0036FE016C8222200D9EB7E /* buff-hd.png in Resources */,
				B0036FE216C824B900D9EB7E /* buffcircle-hd.png in Resources */,
				B0036FE416C825C700D9EB7E /* glow-hd.png in Resources */,
				B0036FE616C831C000D9EB7E /* objective-hd.png in Resources */,
				B0036FE816C8327300D9EB7E /* player-hd.png in Resources */,
				B0036FEA16C8327700D9EB7E /* playerbuffed-hd.png in Resources */,
			);
			runOnlyForDeploymentPostprocessing = 0;
		};
/* End PBXResourcesBuildPhase section */

/* Begin PBXShellScriptBuildPhase section */
		4491B9AE249241069C93C595 /* Copy Pods Resources */ = {
			isa = PBXShellScriptBuildPhase;
			buildActionMask = 2147483647;
			files = (
			);
			inputPaths = (
			);
			name = "Copy Pods Resources";
			outputPaths = (
			);
			runOnlyForDeploymentPostprocessing = 0;
			shellPath = /bin/sh;
			shellScript = "\"${SRCROOT}/Pods/Pods-resources.sh\"\n";
		};
/* End PBXShellScriptBuildPhase section */

/* Begin PBXSourcesBuildPhase section */
		B01B28C516AB2B5200CD538A /* Sources */ = {
			isa = PBXSourcesBuildPhase;
			buildActionMask = 2147483647;
			files = (
				B01B2A5616AB2B5500CD538A /* main.m in Sources */,
				B01B2A5916AB2B5500CD538A /* AppDelegate.m in Sources */,
				B01B2A5C16AB2B5500CD538A /* GameLayer.m in Sources */,
				B01B2A5F16AB2B5500CD538A /* IntroLayer.m in Sources */,
				B01B2A6E16AB2F8C00CD538A /* Light.m in Sources */,
				B01B2A7F16AB5C3000CD538A /* Route.m in Sources */,
				B01B2A8216AB640800CD538A /* Player.m in Sources */,
				B09D0BF516AC6EEC00524AE7 /* Connector.m in Sources */,
				B0A0EEBF16B0B30B00E47369 /* CountdownBar.m in Sources */,
				B0A0EF1F16B2F45500E47369 /* Level.m in Sources */,
				B0A0EF2E16B4495900E47369 /* InGameMenuLayer.m in Sources */,
				B0A0EF5D16B466C200E47369 /* LightManager.m in Sources */,
				B0A0EF6416B4868E00E47369 /* MenuCircleGenerator.m in Sources */,
				B0A0EF6716B488F000E47369 /* MenuLayer.m in Sources */,
				B0A0EFA316B711DC00E47369 /* PowerUpManager.m in Sources */,
			);
			runOnlyForDeploymentPostprocessing = 0;
		};
/* End PBXSourcesBuildPhase section */

/* Begin XCBuildConfiguration section */
		B01B2A6016AB2B5500CD538A /* Debug */ = {
			isa = XCBuildConfiguration;
			buildSettings = {
				ARCHS = "$(ARCHS_STANDARD_32_BIT)";
				"CODE_SIGN_IDENTITY[sdk=iphoneos*]" = "iPhone Developer";
				GCC_C_LANGUAGE_STANDARD = gnu99;
				GCC_OPTIMIZATION_LEVEL = 0;
				GCC_PREPROCESSOR_DEFINITIONS = (
					DEBUG,
					"COCOS2D_DEBUG=1",
				);
				GCC_SYMBOLS_PRIVATE_EXTERN = NO;
				GCC_VERSION = com.apple.compilers.llvm.clang.1_0;
				GCC_WARN_ABOUT_RETURN_TYPE = YES;
				GCC_WARN_UNUSED_VARIABLE = YES;
				IPHONEOS_DEPLOYMENT_TARGET = 4.0;
				SDKROOT = iphoneos;
				TARGETED_DEVICE_FAMILY = "1,2";
			};
			name = Debug;
		};
		B01B2A6116AB2B5500CD538A /* Release */ = {
			isa = XCBuildConfiguration;
			buildSettings = {
				ARCHS = "$(ARCHS_STANDARD_32_BIT)";
				"CODE_SIGN_IDENTITY[sdk=iphoneos*]" = "iPhone Developer";
				GCC_C_LANGUAGE_STANDARD = gnu99;
				GCC_PREPROCESSOR_DEFINITIONS = (
					NDEBUG,
					"NS_BLOCK_ASSERTIONS=1",
				);
				GCC_VERSION = com.apple.compilers.llvm.clang.1_0;
				GCC_WARN_ABOUT_RETURN_TYPE = YES;
				GCC_WARN_UNUSED_VARIABLE = YES;
				IPHONEOS_DEPLOYMENT_TARGET = 4.0;
				SDKROOT = iphoneos;
				TARGETED_DEVICE_FAMILY = "1,2";
			};
			name = Release;
		};
		B01B2A6316AB2B5500CD538A /* Debug */ = {
			isa = XCBuildConfiguration;
			baseConfigurationReference = E02357077101404D92B4E06C /* Pods.xcconfig */;
			buildSettings = {
				ALWAYS_SEARCH_USER_PATHS = "$(inherited)";
				COPY_PHASE_STRIP = NO;
				GCC_DYNAMIC_NO_PIC = NO;
				GCC_PRECOMPILE_PREFIX_HEADER = YES;
				GCC_PREFIX_HEADER = CircleGame/Prefix.pch;
				HEADER_SEARCH_PATHS = "$(inherited)";
				INFOPLIST_FILE = CircleGame/Resources/Info.plist;
				OTHER_LDFLAGS = "$(inherited)";
				PRODUCT_NAME = "$(TARGET_NAME)";
				WRAPPER_EXTENSION = app;
			};
			name = Debug;
		};
		B01B2A6416AB2B5500CD538A /* Release */ = {
			isa = XCBuildConfiguration;
			baseConfigurationReference = E02357077101404D92B4E06C /* Pods.xcconfig */;
			buildSettings = {
				ALWAYS_SEARCH_USER_PATHS = "$(inherited)";
				COPY_PHASE_STRIP = YES;
				GCC_PRECOMPILE_PREFIX_HEADER = YES;
				GCC_PREFIX_HEADER = CircleGame/Prefix.pch;
				HEADER_SEARCH_PATHS = "$(inherited)";
				INFOPLIST_FILE = CircleGame/Resources/Info.plist;
				OTHER_LDFLAGS = "$(inherited)";
				PRODUCT_NAME = "$(TARGET_NAME)";
				VALIDATE_PRODUCT = YES;
				WRAPPER_EXTENSION = app;
			};
			name = Release;
		};
/* End XCBuildConfiguration section */

/* Begin XCConfigurationList section */
		B01B28C316AB2B5200CD538A /* Build configuration list for PBXProject "CircleGame" */ = {
			isa = XCConfigurationList;
			buildConfigurations = (
				B01B2A6016AB2B5500CD538A /* Debug */,
				B01B2A6116AB2B5500CD538A /* Release */,
			);
			defaultConfigurationIsVisible = 0;
			defaultConfigurationName = Release;
		};
		B01B2A6216AB2B5500CD538A /* Build configuration list for PBXNativeTarget "CircleGame" */ = {
			isa = XCConfigurationList;
			buildConfigurations = (
				B01B2A6316AB2B5500CD538A /* Debug */,
				B01B2A6416AB2B5500CD538A /* Release */,
			);
			defaultConfigurationIsVisible = 0;
			defaultConfigurationName = Release;
		};
/* End XCConfigurationList section */
	};
	rootObject = B01B28C016AB2B5200CD538A /* Project object */;
}
